{
    "name": "@definetool/dogechain",
    "version": "1.0.0",
    "lockfileVersion": 2,
    "requires": true,
    "packages": {
        "": {
            "name": "@definetool/dogechain",
            "version": "1.0.0",
            "license": "MIT",
            "dependencies": {
                "@definejs/array": "^1.1.0",
                "@definejs/date": "^1.1.0",
                "@definejs/directory": "^2.0.4",
                "@definejs/file": "^2.0.1",
                "@definejs/string": "^1.0.0",
                "@definejs/timer": "^1.0.1",
                "@webpart/console": "^2.1.0",
                "cheerio": "^1.0.0-rc.12",
                "colors": "^1.4.0"
            }
        },
        "node_modules/@definejs/array": {
            "version": "1.1.0",
            "resolved": "https://registry.npmjs.org/@definejs/array/-/array-1.1.0.tgz",
            "integrity": "sha512-1x0XUdDVT4ecVqbR1vl68whhRCCyO8BiFPRXl2tyWsuqubkNNlXL3PtedytvPexpExqX0Bedlkj8DnXYH2fj5g=="
        },
        "node_modules/@definejs/date": {
            "version": "1.1.0",
            "resolved": "https://registry.npmjs.org/@definejs/date/-/date-1.1.0.tgz",
            "integrity": "sha512-CaBw+hJ7TFLRjerl6uJrCzAMieuH92yQvs2xu6Oa2vi8+FzK0X0vP5p4CPoL8JdZfFZM6+AI7lFLUBLhdcnhtg==",
            "dependencies": {
                "@definejs/string": "^1.0.0"
            }
        },
        "node_modules/@definejs/directory": {
            "version": "2.0.4",
            "resolved": "https://registry.npmjs.org/@definejs/directory/-/directory-2.0.4.tgz",
            "integrity": "sha512-bf7pCuftAX7hybIYcFmwLXpSPuGpxPnxwMOHit6fdHcZnqD8fxS+yR/PG9vLOEouYy6iW6e6qTI0z5jRtS46hw==",
            "dependencies": {
                "@definejs/path": "^2.0.1"
            }
        },
        "node_modules/@definejs/emitter": {
            "version": "1.1.0",
            "resolved": "https://registry.npmjs.org/@definejs/emitter/-/emitter-1.1.0.tgz",
            "integrity": "sha512-7AKesFRz+6K5UDl/RFLfRszdNsDdtmeipj/8dqARhPV/BemDSLP/UqXUJYr5ALSpv/Lzc+PnDBGASJEfNuYVwQ==",
            "dependencies": {
                "@definejs/object": "^1.1.0",
                "@definejs/tree": "^1.0.0"
            }
        },
        "node_modules/@definejs/file": {
            "version": "2.0.1",
            "resolved": "https://registry.npmjs.org/@definejs/file/-/file-2.0.1.tgz",
            "integrity": "sha512-+l/uS+SQD8DRCutgBh7qlh3SBPF7qOjTk2UHBRKL7eCQky3GhA8it66hAKIVrsi1/3+sW2GdzMNpyJKTa1IHtw==",
            "dependencies": {
                "@definejs/directory": "^2.0.2",
                "iconv-lite": "^0.6.2"
            }
        },
        "node_modules/@definejs/object": {
            "version": "1.1.0",
            "resolved": "https://registry.npmjs.org/@definejs/object/-/object-1.1.0.tgz",
            "integrity": "sha512-3U9yjE0a4oFXR6n19VXZB0W5lpHZRox39vjV2sE288OCMv1L6KLreEdGi0Hmo5w490KHpT9Gtvtkz4Xih7D6ug=="
        },
        "node_modules/@definejs/path": {
            "version": "2.0.1",
            "resolved": "https://registry.npmjs.org/@definejs/path/-/path-2.0.1.tgz",
            "integrity": "sha512-PMNdSIP/VQvX7R94Yvjb4hGA0/n3k2MVnONjV8j2RtxDACAD6R67Ek8ezc7C5dDdwvT2IaYxaaqXeltyLRStyg=="
        },
        "node_modules/@definejs/string": {
            "version": "1.0.0",
            "resolved": "https://registry.npmjs.org/@definejs/string/-/string-1.0.0.tgz",
            "integrity": "sha512-w07CpqHYu6th6y+n5jic6ZUdiB19GPzuq8LGHqpSky8R28ugA1uIDkFodd5tt9dokD00pLd4nFY6bO8JuLYxxQ=="
        },
        "node_modules/@definejs/timer": {
            "version": "1.0.1",
            "resolved": "https://registry.npmjs.org/@definejs/timer/-/timer-1.0.1.tgz",
            "integrity": "sha512-g0vMGHCkU4Q/vfgrdqj9QtTPsL6qkyAG+CM0g/D9Hqf83ysUI1RuNfmCbxgFS6/LCqvaVgf0klOmxkFgpIkdTg=="
        },
        "node_modules/@definejs/tree": {
            "version": "1.0.5",
            "resolved": "https://registry.npmjs.org/@definejs/tree/-/tree-1.0.5.tgz",
            "integrity": "sha512-PlR/ya/XgoIWasFvuLns32zhMHDaOJNwQjf5EKA6DKKJfe1ZuF4UdxUiXB7hEoQf7Ffd6ZT2aR+VoTrGyi+N6w=="
        },
        "node_modules/@webpart/console": {
            "version": "2.1.1",
            "resolved": "https://registry.npmjs.org/@webpart/console/-/console-2.1.1.tgz",
            "integrity": "sha512-eCFBLIm1p5pzYJIH3FLyiE7QtNT3vKnkcqIh3spz+jHt39nktTtjxcbzMFdRu36klOYCjESftoaVvA6oAIe4Zw==",
            "dependencies": {
                "@definejs/emitter": "^1.1.0",
                "@definejs/file": "^2.0.1"
            }
        },
        "node_modules/boolbase": {
            "version": "1.0.0",
            "resolved": "https://registry.npmjs.org/boolbase/-/boolbase-1.0.0.tgz",
            "integrity": "sha512-JZOSA7Mo9sNGB8+UjSgzdLtokWAky1zbztM3WRLCbZ70/3cTANmQmOdR7y2g+J0e2WXywy1yS468tY+IruqEww=="
        },
        "node_modules/cheerio": {
            "version": "1.0.0-rc.12",
            "resolved": "https://registry.npmjs.org/cheerio/-/cheerio-1.0.0-rc.12.tgz",
            "integrity": "sha512-VqR8m68vM46BNnuZ5NtnGBKIE/DfN0cRIzg9n40EIq9NOv90ayxLBXA8fXC5gquFRGJSTRqBq25Jt2ECLR431Q==",
            "dependencies": {
                "cheerio-select": "^2.1.0",
                "dom-serializer": "^2.0.0",
                "domhandler": "^5.0.3",
                "domutils": "^3.0.1",
                "htmlparser2": "^8.0.1",
                "parse5": "^7.0.0",
                "parse5-htmlparser2-tree-adapter": "^7.0.0"
            },
            "engines": {
                "node": ">= 6"
            },
            "funding": {
                "url": "https://github.com/cheeriojs/cheerio?sponsor=1"
            }
        },
        "node_modules/cheerio-select": {
            "version": "2.1.0",
            "resolved": "https://registry.npmjs.org/cheerio-select/-/cheerio-select-2.1.0.tgz",
            "integrity": "sha512-9v9kG0LvzrlcungtnJtpGNxY+fzECQKhK4EGJX2vByejiMX84MFNQw4UxPJl3bFbTMw+Dfs37XaIkCwTZfLh4g==",
            "dependencies": {
                "boolbase": "^1.0.0",
                "css-select": "^5.1.0",
                "css-what": "^6.1.0",
                "domelementtype": "^2.3.0",
                "domhandler": "^5.0.3",
                "domutils": "^3.0.1"
            },
            "funding": {
                "url": "https://github.com/sponsors/fb55"
            }
        },
        "node_modules/colors": {
            "version": "1.4.0",
            "resolved": "https://registry.npmjs.org/colors/-/colors-1.4.0.tgz",
            "integrity": "sha512-a+UqTh4kgZg/SlGvfbzDHpgRu7AAQOmmqRHJnxhRZICKFUT91brVhNNt58CMWU9PsBbv3PDCZUHbVxuDiH2mtA==",
            "engines": {
                "node": ">=0.1.90"
            }
        },
        "node_modules/css-select": {
            "version": "5.1.0",
            "resolved": "https://registry.npmjs.org/css-select/-/css-select-5.1.0.tgz",
            "integrity": "sha512-nwoRF1rvRRnnCqqY7updORDsuqKzqYJ28+oSMaJMMgOauh3fvwHqMS7EZpIPqK8GL+g9mKxF1vP/ZjSeNjEVHg==",
            "dependencies": {
                "boolbase": "^1.0.0",
                "css-what": "^6.1.0",
                "domhandler": "^5.0.2",
                "domutils": "^3.0.1",
                "nth-check": "^2.0.1"
            },
            "funding": {
                "url": "https://github.com/sponsors/fb55"
            }
        },
        "node_modules/css-what": {
            "version": "6.1.0",
            "resolved": "https://registry.npmjs.org/css-what/-/css-what-6.1.0.tgz",
            "integrity": "sha512-HTUrgRJ7r4dsZKU6GjmpfRK1O76h97Z8MfS1G0FozR+oF2kG6Vfe8JE6zwrkbxigziPHinCJ+gCPjA9EaBDtRw==",
            "engines": {
                "node": ">= 6"
            },
            "funding": {
                "url": "https://github.com/sponsors/fb55"
            }
        },
        "node_modules/dom-serializer": {
            "version": "2.0.0",
            "resolved": "https://registry.npmjs.org/dom-serializer/-/dom-serializer-2.0.0.tgz",
            "integrity": "sha512-wIkAryiqt/nV5EQKqQpo3SToSOV9J0DnbJqwK7Wv/Trc92zIAYZ4FlMu+JPFW1DfGFt81ZTCGgDEabffXeLyJg==",
            "dependencies": {
                "domelementtype": "^2.3.0",
                "domhandler": "^5.0.2",
                "entities": "^4.2.0"
            },
            "funding": {
                "url": "https://github.com/cheeriojs/dom-serializer?sponsor=1"
            }
        },
        "node_modules/domelementtype": {
            "version": "2.3.0",
            "resolved": "https://registry.npmjs.org/domelementtype/-/domelementtype-2.3.0.tgz",
            "integrity": "sha512-OLETBj6w0OsagBwdXnPdN0cnMfF9opN69co+7ZrbfPGrdpPVNBUj02spi6B1N7wChLQiPn4CSH/zJvXw56gmHw==",
            "funding": [
                {
                    "type": "github",
                    "url": "https://github.com/sponsors/fb55"
                }
            ]
        },
        "node_modules/domhandler": {
            "version": "5.0.3",
            "resolved": "https://registry.npmjs.org/domhandler/-/domhandler-5.0.3.tgz",
            "integrity": "sha512-cgwlv/1iFQiFnU96XXgROh8xTeetsnJiDsTc7TYCLFd9+/WNkIqPTxiM/8pSd8VIrhXGTf1Ny1q1hquVqDJB5w==",
            "dependencies": {
                "domelementtype": "^2.3.0"
            },
            "engines": {
                "node": ">= 4"
            },
            "funding": {
                "url": "https://github.com/fb55/domhandler?sponsor=1"
            }
        },
        "node_modules/domutils": {
            "version": "3.1.0",
            "resolved": "https://registry.npmjs.org/domutils/-/domutils-3.1.0.tgz",
            "integrity": "sha512-H78uMmQtI2AhgDJjWeQmHwJJ2bLPD3GMmO7Zja/ZZh84wkm+4ut+IUnUdRa8uCGX88DiVx1j6FRe1XfxEgjEZA==",
            "dependencies": {
                "dom-serializer": "^2.0.0",
                "domelementtype": "^2.3.0",
                "domhandler": "^5.0.3"
            },
            "funding": {
                "url": "https://github.com/fb55/domutils?sponsor=1"
            }
        },
        "node_modules/entities": {
            "version": "4.5.0",
            "resolved": "https://registry.npmjs.org/entities/-/entities-4.5.0.tgz",
            "integrity": "sha512-V0hjH4dGPh9Ao5p0MoRY6BVqtwCjhz6vI5LT8AJ55H+4g9/4vbHx1I54fS0XuclLhDHArPQCiMjDxjaL8fPxhw==",
            "engines": {
                "node": ">=0.12"
            },
            "funding": {
                "url": "https://github.com/fb55/entities?sponsor=1"
            }
        },
        "node_modules/htmlparser2": {
            "version": "8.0.2",
            "resolved": "https://registry.npmjs.org/htmlparser2/-/htmlparser2-8.0.2.tgz",
            "integrity": "sha512-GYdjWKDkbRLkZ5geuHs5NY1puJ+PXwP7+fHPRz06Eirsb9ugf6d8kkXav6ADhcODhFFPMIXyxkxSuMf3D6NCFA==",
            "funding": [
                "https://github.com/fb55/htmlparser2?sponsor=1",
                {
                    "type": "github",
                    "url": "https://github.com/sponsors/fb55"
                }
            ],
            "dependencies": {
                "domelementtype": "^2.3.0",
                "domhandler": "^5.0.3",
                "domutils": "^3.0.1",
                "entities": "^4.4.0"
            }
        },
        "node_modules/iconv-lite": {
            "version": "0.6.3",
            "resolved": "https://registry.npmjs.org/iconv-lite/-/iconv-lite-0.6.3.tgz",
            "integrity": "sha512-4fCk79wshMdzMp2rH06qWrJE4iolqLhCUH+OiuIgU++RB0+94NlDL81atO7GX55uUKueo0txHNtvEyI6D7WdMw==",
            "dependencies": {
                "safer-buffer": ">= 2.1.2 < 3.0.0"
            },
            "engines": {
                "node": ">=0.10.0"
            }
        },
        "node_modules/nth-check": {
            "version": "2.1.1",
            "resolved": "https://registry.npmjs.org/nth-check/-/nth-check-2.1.1.tgz",
            "integrity": "sha512-lqjrjmaOoAnWfMmBPL+XNnynZh2+swxiX3WUE0s4yEHI6m+AwrK2UZOimIRl3X/4QctVqS8AiZjFqyOGrMXb/w==",
            "dependencies": {
                "boolbase": "^1.0.0"
            },
            "funding": {
                "url": "https://github.com/fb55/nth-check?sponsor=1"
            }
        },
        "node_modules/parse5": {
            "version": "7.1.2",
            "resolved": "https://registry.npmjs.org/parse5/-/parse5-7.1.2.tgz",
            "integrity": "sha512-Czj1WaSVpaoj0wbhMzLmWD69anp2WH7FXMB9n1Sy8/ZFF9jolSQVMu1Ij5WIyGmcBmhk7EOndpO4mIpihVqAXw==",
            "dependencies": {
                "entities": "^4.4.0"
            },
            "funding": {
                "url": "https://github.com/inikulin/parse5?sponsor=1"
            }
        },
        "node_modules/parse5-htmlparser2-tree-adapter": {
            "version": "7.0.0",
            "resolved": "https://registry.npmjs.org/parse5-htmlparser2-tree-adapter/-/parse5-htmlparser2-tree-adapter-7.0.0.tgz",
            "integrity": "sha512-B77tOZrqqfUfnVcOrUvfdLbz4pu4RopLD/4vmu3HUPswwTA8OH0EMW9BlWR2B0RCoiZRAHEUu7IxeP1Pd1UU+g==",
            "dependencies": {
                "domhandler": "^5.0.2",
                "parse5": "^7.0.0"
            },
            "funding": {
                "url": "https://github.com/inikulin/parse5?sponsor=1"
            }
        },
        "node_modules/safer-buffer": {
            "version": "2.1.2",
            "resolved": "https://registry.npmjs.org/safer-buffer/-/safer-buffer-2.1.2.tgz",
            "integrity": "sha512-YZo3K82SD7Riyi0E1EQPojLz7kpepnSQI9IyPbHHg1XXXevb5dJI7tpyN2ADxGcQbHG7vcyRHk0cbwqcQriUtg=="
        }
    },
    "dependencies": {
        "@definejs/array": {
            "version": "1.1.0",
            "resolved": "https://registry.npmjs.org/@definejs/array/-/array-1.1.0.tgz",
            "integrity": "sha512-1x0XUdDVT4ecVqbR1vl68whhRCCyO8BiFPRXl2tyWsuqubkNNlXL3PtedytvPexpExqX0Bedlkj8DnXYH2fj5g=="
        },
        "@definejs/date": {
            "version": "1.1.0",
            "resolved": "https://registry.npmjs.org/@definejs/date/-/date-1.1.0.tgz",
            "integrity": "sha512-CaBw+hJ7TFLRjerl6uJrCzAMieuH92yQvs2xu6Oa2vi8+FzK0X0vP5p4CPoL8JdZfFZM6+AI7lFLUBLhdcnhtg==",
            "requires": {
                "@definejs/string": "^1.0.0"
            }
        },
        "@definejs/directory": {
            "version": "2.0.4",
            "resolved": "https://registry.npmjs.org/@definejs/directory/-/directory-2.0.4.tgz",
            "integrity": "sha512-bf7pCuftAX7hybIYcFmwLXpSPuGpxPnxwMOHit6fdHcZnqD8fxS+yR/PG9vLOEouYy6iW6e6qTI0z5jRtS46hw==",
            "requires": {
                "@definejs/path": "^2.0.1"
            }
        },
        "@definejs/emitter": {
            "version": "1.1.0",
            "resolved": "https://registry.npmjs.org/@definejs/emitter/-/emitter-1.1.0.tgz",
            "integrity": "sha512-7AKesFRz+6K5UDl/RFLfRszdNsDdtmeipj/8dqARhPV/BemDSLP/UqXUJYr5ALSpv/Lzc+PnDBGASJEfNuYVwQ==",
            "requires": {
                "@definejs/object": "^1.1.0",
                "@definejs/tree": "^1.0.0"
            }
        },
        "@definejs/file": {
            "version": "2.0.1",
            "resolved": "https://registry.npmjs.org/@definejs/file/-/file-2.0.1.tgz",
            "integrity": "sha512-+l/uS+SQD8DRCutgBh7qlh3SBPF7qOjTk2UHBRKL7eCQky3GhA8it66hAKIVrsi1/3+sW2GdzMNpyJKTa1IHtw==",
            "requires": {
                "@definejs/directory": "^2.0.2",
                "iconv-lite": "^0.6.2"
            }
        },
        "@definejs/object": {
            "version": "1.1.0",
            "resolved": "https://registry.npmjs.org/@definejs/object/-/object-1.1.0.tgz",
            "integrity": "sha512-3U9yjE0a4oFXR6n19VXZB0W5lpHZRox39vjV2sE288OCMv1L6KLreEdGi0Hmo5w490KHpT9Gtvtkz4Xih7D6ug=="
        },
        "@definejs/path": {
            "version": "2.0.1",
            "resolved": "https://registry.npmjs.org/@definejs/path/-/path-2.0.1.tgz",
            "integrity": "sha512-PMNdSIP/VQvX7R94Yvjb4hGA0/n3k2MVnONjV8j2RtxDACAD6R67Ek8ezc7C5dDdwvT2IaYxaaqXeltyLRStyg=="
        },
        "@definejs/string": {
            "version": "1.0.0",
            "resolved": "https://registry.npmjs.org/@definejs/string/-/string-1.0.0.tgz",
            "integrity": "sha512-w07CpqHYu6th6y+n5jic6ZUdiB19GPzuq8LGHqpSky8R28ugA1uIDkFodd5tt9dokD00pLd4nFY6bO8JuLYxxQ=="
        },
        "@definejs/timer": {
            "version": "1.0.1",
            "resolved": "https://registry.npmjs.org/@definejs/timer/-/timer-1.0.1.tgz",
            "integrity": "sha512-g0vMGHCkU4Q/vfgrdqj9QtTPsL6qkyAG+CM0g/D9Hqf83ysUI1RuNfmCbxgFS6/LCqvaVgf0klOmxkFgpIkdTg=="
        },
        "@definejs/tree": {
            "version": "1.0.5",
            "resolved": "https://registry.npmjs.org/@definejs/tree/-/tree-1.0.5.tgz",
            "integrity": "sha512-PlR/ya/XgoIWasFvuLns32zhMHDaOJNwQjf5EKA6DKKJfe1ZuF4UdxUiXB7hEoQf7Ffd6ZT2aR+VoTrGyi+N6w=="
        },
        "@webpart/console": {
            "version": "2.1.1",
            "resolved": "https://registry.npmjs.org/@webpart/console/-/console-2.1.1.tgz",
            "integrity": "sha512-eCFBLIm1p5pzYJIH3FLyiE7QtNT3vKnkcqIh3spz+jHt39nktTtjxcbzMFdRu36klOYCjESftoaVvA6oAIe4Zw==",
            "requires": {
                "@definejs/emitter": "^1.1.0",
                "@definejs/file": "^2.0.1"
            }
        },
        "boolbase": {
            "version": "1.0.0",
            "resolved": "https://registry.npmjs.org/boolbase/-/boolbase-1.0.0.tgz",
            "integrity": "sha512-JZOSA7Mo9sNGB8+UjSgzdLtokWAky1zbztM3WRLCbZ70/3cTANmQmOdR7y2g+J0e2WXywy1yS468tY+IruqEww=="
        },
        "cheerio": {
            "version": "1.0.0-rc.12",
            "resolved": "https://registry.npmjs.org/cheerio/-/cheerio-1.0.0-rc.12.tgz",
            "integrity": "sha512-VqR8m68vM46BNnuZ5NtnGBKIE/DfN0cRIzg9n40EIq9NOv90ayxLBXA8fXC5gquFRGJSTRqBq25Jt2ECLR431Q==",
            "requires": {
                "cheerio-select": "^2.1.0",
                "dom-serializer": "^2.0.0",
                "domhandler": "^5.0.3",
                "domutils": "^3.0.1",
                "htmlparser2": "^8.0.1",
                "parse5": "^7.0.0",
                "parse5-htmlparser2-tree-adapter": "^7.0.0"
            }
        },
        "cheerio-select": {
            "version": "2.1.0",
            "resolved": "https://registry.npmjs.org/cheerio-select/-/cheerio-select-2.1.0.tgz",
            "integrity": "sha512-9v9kG0LvzrlcungtnJtpGNxY+fzECQKhK4EGJX2vByejiMX84MFNQw4UxPJl3bFbTMw+Dfs37XaIkCwTZfLh4g==",
            "requires": {
                "boolbase": "^1.0.0",
                "css-select": "^5.1.0",
                "css-what": "^6.1.0",
                "domelementtype": "^2.3.0",
                "domhandler": "^5.0.3",
                "domutils": "^3.0.1"
            }
        },
        "colors": {
            "version": "1.4.0",
            "resolved": "https://registry.npmjs.org/colors/-/colors-1.4.0.tgz",
            "integrity": "sha512-a+UqTh4kgZg/SlGvfbzDHpgRu7AAQOmmqRHJnxhRZICKFUT91brVhNNt58CMWU9PsBbv3PDCZUHbVxuDiH2mtA=="
        },
        "css-select": {
            "version": "5.1.0",
            "resolved": "https://registry.npmjs.org/css-select/-/css-select-5.1.0.tgz",
            "integrity": "sha512-nwoRF1rvRRnnCqqY7updORDsuqKzqYJ28+oSMaJMMgOauh3fvwHqMS7EZpIPqK8GL+g9mKxF1vP/ZjSeNjEVHg==",
            "requires": {
                "boolbase": "^1.0.0",
                "css-what": "^6.1.0",
                "domhandler": "^5.0.2",
                "domutils": "^3.0.1",
                "nth-check": "^2.0.1"
            }
        },
        "css-what": {
            "version": "6.1.0",
            "resolved": "https://registry.npmjs.org/css-what/-/css-what-6.1.0.tgz",
            "integrity": "sha512-HTUrgRJ7r4dsZKU6GjmpfRK1O76h97Z8MfS1G0FozR+oF2kG6Vfe8JE6zwrkbxigziPHinCJ+gCPjA9EaBDtRw=="
        },
        "dom-serializer": {
            "version": "2.0.0",
            "resolved": "https://registry.npmjs.org/dom-serializer/-/dom-serializer-2.0.0.tgz",
            "integrity": "sha512-wIkAryiqt/nV5EQKqQpo3SToSOV9J0DnbJqwK7Wv/Trc92zIAYZ4FlMu+JPFW1DfGFt81ZTCGgDEabffXeLyJg==",
            "requires": {
                "domelementtype": "^2.3.0",
                "domhandler": "^5.0.2",
                "entities": "^4.2.0"
            }
        },
        "domelementtype": {
            "version": "2.3.0",
            "resolved": "https://registry.npmjs.org/domelementtype/-/domelementtype-2.3.0.tgz",
            "integrity": "sha512-OLETBj6w0OsagBwdXnPdN0cnMfF9opN69co+7ZrbfPGrdpPVNBUj02spi6B1N7wChLQiPn4CSH/zJvXw56gmHw=="
        },
        "domhandler": {
            "version": "5.0.3",
            "resolved": "https://registry.npmjs.org/domhandler/-/domhandler-5.0.3.tgz",
            "integrity": "sha512-cgwlv/1iFQiFnU96XXgROh8xTeetsnJiDsTc7TYCLFd9+/WNkIqPTxiM/8pSd8VIrhXGTf1Ny1q1hquVqDJB5w==",
            "requires": {
                "domelementtype": "^2.3.0"
            }
        },
        "domutils": {
            "version": "3.1.0",
            "resolved": "https://registry.npmjs.org/domutils/-/domutils-3.1.0.tgz",
            "integrity": "sha512-H78uMmQtI2AhgDJjWeQmHwJJ2bLPD3GMmO7Zja/ZZh84wkm+4ut+IUnUdRa8uCGX88DiVx1j6FRe1XfxEgjEZA==",
            "requires": {
                "dom-serializer": "^2.0.0",
                "domelementtype": "^2.3.0",
                "domhandler": "^5.0.3"
            }
        },
        "entities": {
            "version": "4.5.0",
            "resolved": "https://registry.npmjs.org/entities/-/entities-4.5.0.tgz",
            "integrity": "sha512-V0hjH4dGPh9Ao5p0MoRY6BVqtwCjhz6vI5LT8AJ55H+4g9/4vbHx1I54fS0XuclLhDHArPQCiMjDxjaL8fPxhw=="
        },
        "htmlparser2": {
            "version": "8.0.2",
            "resolved": "https://registry.npmjs.org/htmlparser2/-/htmlparser2-8.0.2.tgz",
            "integrity": "sha512-GYdjWKDkbRLkZ5geuHs5NY1puJ+PXwP7+fHPRz06Eirsb9ugf6d8kkXav6ADhcODhFFPMIXyxkxSuMf3D6NCFA==",
            "requires": {
                "domelementtype": "^2.3.0",
                "domhandler": "^5.0.3",
                "domutils": "^3.0.1",
                "entities": "^4.4.0"
            }
        },
        "iconv-lite": {
            "version": "0.6.3",
            "resolved": "https://registry.npmjs.org/iconv-lite/-/iconv-lite-0.6.3.tgz",
            "integrity": "sha512-4fCk79wshMdzMp2rH06qWrJE4iolqLhCUH+OiuIgU++RB0+94NlDL81atO7GX55uUKueo0txHNtvEyI6D7WdMw==",
            "requires": {
                "safer-buffer": ">= 2.1.2 < 3.0.0"
            }
        },
        "nth-check": {
            "version": "2.1.1",
            "resolved": "https://registry.npmjs.org/nth-check/-/nth-check-2.1.1.tgz",
            "integrity": "sha512-lqjrjmaOoAnWfMmBPL+XNnynZh2+swxiX3WUE0s4yEHI6m+AwrK2UZOimIRl3X/4QctVqS8AiZjFqyOGrMXb/w==",
            "requires": {
                "boolbase": "^1.0.0"
            }
        },
        "parse5": {
            "version": "7.1.2",
            "resolved": "https://registry.npmjs.org/parse5/-/parse5-7.1.2.tgz",
            "integrity": "sha512-Czj1WaSVpaoj0wbhMzLmWD69anp2WH7FXMB9n1Sy8/ZFF9jolSQVMu1Ij5WIyGmcBmhk7EOndpO4mIpihVqAXw==",
            "requires": {
                "entities": "^4.4.0"
            }
        },
        "parse5-htmlparser2-tree-adapter": {
            "version": "7.0.0",
            "resolved": "https://registry.npmjs.org/parse5-htmlparser2-tree-adapter/-/parse5-htmlparser2-tree-adapter-7.0.0.tgz",
            "integrity": "sha512-B77tOZrqqfUfnVcOrUvfdLbz4pu4RopLD/4vmu3HUPswwTA8OH0EMW9BlWR2B0RCoiZRAHEUu7IxeP1Pd1UU+g==",
            "requires": {
                "domhandler": "^5.0.2",
                "parse5": "^7.0.0"
            }
        },
        "safer-buffer": {
            "version": "2.1.2",
            "resolved": "https://registry.npmjs.org/safer-buffer/-/safer-buffer-2.1.2.tgz",
            "integrity": "sha512-YZo3K82SD7Riyi0E1EQPojLz7kpepnSQI9IyPbHHg1XXXevb5dJI7tpyN2ADxGcQbHG7vcyRHk0cbwqcQriUtg=="
        }
    }
}
